
Microsoft Visual Studio Solution File, Format Version 12.00
# Visual Studio Version 16
VisualStudioVersion = 25.0.1704.1
MinimumVisualStudioVersion = 10.0.40219.1
Project("{FAE04EC0-301F-11D3-BF4B-00C04F79EFBC}") = "CarRace", "CarRace\CarRace.csproj", "{DD52FB97-1AE1-40DA-88A6-79CF089A2AF4}"
EndProject
Global
	GlobalSection(SolutionConfigurationPlatforms) = preSolution
		Debug|Any CPU = Debug|Any CPU
		Release|Any CPU = Release|Any CPU
	EndGlobalSection
	GlobalSection(ProjectConfigurationPlatforms) = postSolution
		{DD52FB97-1AE1-40DA-88A6-79CF089A2AF4}.Debug|Any CPU.ActiveCfg = Debug|Any CPU
		{DD52FB97-1AE1-40DA-88A6-79CF089A2AF4}.Debug|Any CPU.Build.0 = Debug|Any CPU
		{DD52FB97-1AE1-40DA-88A6-79CF089A2AF4}.Release|Any CPU.ActiveCfg = Release|Any CPU
		{DD52FB97-1AE1-40DA-88A6-79CF089A2AF4}.Release|Any CPU.Build.0 = Release|Any CPU
	EndGlobalSection
	GlobalSection(SolutionProperties) = preSolution
		HideSolutionNode = FALSE
	EndGlobalSection
	GlobalSection(ExtensibilityGlobals) = postSolution
		SolutionGuid = {4F9341D4-8B6E-4138-9F86-426520D8B44A}
	EndGlobalSection
EndGlobal
